
Microsoft Visual Studio Solution File, Format Version 12.00
# Visual Studio Version 17
VisualStudioVersion = 17.1.32421.90
MinimumVisualStudioVersion = 10.0.40219.1
Project("{9A19103F-16F7-4668-BE54-9A1E7A4F7556}") = "ApiProvaSharp", "ApiProvaCSharp\ApiProvaSharp.csproj", "{01780395-5012-485D-A48D-AE5E5F1E4785}"
EndProject
Global
	GlobalSection(SolutionConfigurationPlatforms) = preSolution
		Debug|Any CPU = Debug|Any CPU
		Release|Any CPU = Release|Any CPU
	EndGlobalSection
	GlobalSection(ProjectConfigurationPlatforms) = postSolution
		{01780395-5012-485D-A48D-AE5E5F1E4785}.Debug|Any CPU.ActiveCfg = Debug|Any CPU
		{01780395-5012-485D-A48D-AE5E5F1E4785}.Debug|Any CPU.Build.0 = Debug|Any CPU
		{01780395-5012-485D-A48D-AE5E5F1E4785}.Release|Any CPU.ActiveCfg = Release|Any CPU
		{01780395-5012-485D-A48D-AE5E5F1E4785}.Release|Any CPU.Build.0 = Release|Any CPU
	EndGlobalSection
	GlobalSection(SolutionProperties) = preSolution
		HideSolutionNode = FALSE
	EndGlobalSection
	GlobalSection(ExtensibilityGlobals) = postSolution
		SolutionGuid = {2FA29A15-915D-41DC-9AF1-29B5200593C5}
	EndGlobalSection
EndGlobal
